
Microsoft Visual Studio Solution File, Format Version 12.00
# Visual Studio Version 16
VisualStudioVersion = 16.0.30204.135
MinimumVisualStudioVersion = 10.0.40219.1
Project("{FAE04EC0-301F-11D3-BF4B-00C04F79EFBC}") = "ChallengeRobustlyPrimeNumbers", "ChallengeRobustlyPrimeNumbers.csproj", "{10860155-B285-47CF-8C37-36808233693E}"
EndProject
Project("{FAE04EC0-301F-11D3-BF4B-00C04F79EFBC}") = "ChallengeRobustlyPrimeNumbersTests", "..\ChallengeRobustlyPrimeNumbersTests\ChallengeRobustlyPrimeNumbersTests.csproj", "{AD00876D-161B-487D-89A6-7D508E3F2A8F}"
EndProject
Global
	GlobalSection(SolutionConfigurationPlatforms) = preSolution
		Debug|Any CPU = Debug|Any CPU
		Release|Any CPU = Release|Any CPU
	EndGlobalSection
	GlobalSection(ProjectConfigurationPlatforms) = postSolution
		{10860155-B285-47CF-8C37-36808233693E}.Debug|Any CPU.ActiveCfg = Debug|Any CPU
		{10860155-B285-47CF-8C37-36808233693E}.Debug|Any CPU.Build.0 = Debug|Any CPU
		{10860155-B285-47CF-8C37-36808233693E}.Release|Any CPU.ActiveCfg = Release|Any CPU
		{10860155-B285-47CF-8C37-36808233693E}.Release|Any CPU.Build.0 = Release|Any CPU
		{AD00876D-161B-487D-89A6-7D508E3F2A8F}.Debug|Any CPU.ActiveCfg = Debug|Any CPU
		{AD00876D-161B-487D-89A6-7D508E3F2A8F}.Debug|Any CPU.Build.0 = Debug|Any CPU
		{AD00876D-161B-487D-89A6-7D508E3F2A8F}.Release|Any CPU.ActiveCfg = Release|Any CPU
		{AD00876D-161B-487D-89A6-7D508E3F2A8F}.Release|Any CPU.Build.0 = Release|Any CPU
	EndGlobalSection
	GlobalSection(SolutionProperties) = preSolution
		HideSolutionNode = FALSE
	EndGlobalSection
	GlobalSection(ExtensibilityGlobals) = postSolution
		SolutionGuid = {5FFAAD13-6350-4BEB-84B6-BE1DA3D6619E}
	EndGlobalSection
EndGlobal
